{
  "name": "strassenbefahrung",
  "version": "1.0.0",
  "lockfileVersion": 3,
  "requires": true,
  "packages": {
    "": {
      "name": "strassenbefahrung",
      "version": "1.0.0",
      "license": "MIT",
      "dependencies": {
        "@vueuse/core": "^13.5.0",
        "vue-loading-overlay": "^6.0.6"
      }
    },
    "node_modules/@types/web-bluetooth": {
      "version": "0.0.21",
      "resolved": "https://registry.npmjs.org/@types/web-bluetooth/-/web-bluetooth-0.0.21.tgz",
      "integrity": "sha512-oIQLCGWtcFZy2JW77j9k8nHzAOpqMHLQejDA48XXMWH6tjCQHz5RCFz1bzsmROyL6PUm+LLnUiI4BCn221inxA=="
    },
    "node_modules/@vueuse/core": {
      "version": "13.5.0",
      "resolved": "https://registry.npmjs.org/@vueuse/core/-/core-13.5.0.tgz",
      "integrity": "sha512-wV7z0eUpifKmvmN78UBZX8T7lMW53Nrk6JP5+6hbzrB9+cJ3jr//hUlhl9TZO/03bUkMK6gGkQpqOPWoabr72g==",
      "dependencies": {
        "@types/web-bluetooth": "^0.0.21",
        "@vueuse/metadata": "13.5.0",
        "@vueuse/shared": "13.5.0"
      },
      "funding": {
        "url": "https://github.com/sponsors/antfu"
      },
      "peerDependencies": {
        "vue": "^3.5.0"
      }
    },
    "node_modules/@vueuse/metadata": {
      "version": "13.5.0",
      "resolved": "https://registry.npmjs.org/@vueuse/metadata/-/metadata-13.5.0.tgz",
      "integrity": "sha512-euhItU3b0SqXxSy8u1XHxUCdQ8M++bsRs+TYhOLDU/OykS7KvJnyIFfep0XM5WjIFry9uAPlVSjmVHiqeshmkw==",
      "funding": {
        "url": "https://github.com/sponsors/antfu"
      }
    },
    "node_modules/@vueuse/shared": {
      "version": "13.5.0",
      "resolved": "https://registry.npmjs.org/@vueuse/shared/-/shared-13.5.0.tgz",
      "integrity": "sha512-K7GrQIxJ/ANtucxIXbQlUHdB0TPA8c+q5i+zbrjxuhJCnJ9GtBg75sBSnvmLSxHKPg2Yo8w62PWksl9kwH0Q8g==",
      "funding": {
        "url": "https://github.com/sponsors/antfu"
      },
      "peerDependencies": {
        "vue": "^3.5.0"
      }
    },
    "node_modules/vue-loading-overlay": {
      "version": "6.0.6",
      "resolved": "https://registry.npmjs.org/vue-loading-overlay/-/vue-loading-overlay-6.0.6.tgz",
      "integrity": "sha512-ZPrWawjCoNKGbCG9z4nePgbs/K9KXPa1j1oAJXP6T8FQho3NO+/chhjx4MLYFzfpwr+xkiQ8SNrV1kUG1bZPAw==",
      "engines": {
        "node": ">=12.13.0"
      },
      "peerDependencies": {
        "vue": "^3.2.0"
      }
    }
  }
}
