{
  "name": "importeraddon",
  "version": "2.0.0",
  "lockfileVersion": 3,
  "requires": true,
  "packages": {
    "": {
      "name": "importeraddon",
      "version": "2.0.0",
      "license": "MIT",
      "dependencies": {
        "shpjs": "^6.2.0"
      }
    },
    "node_modules/but-unzip": {
      "version": "0.1.10",
      "resolved": "https://registry.npmjs.org/but-unzip/-/but-unzip-0.1.10.tgz",
      "integrity": "sha512-hLfQ9WlUimmv/okzsRl6AYG3Ew5HNWhWgUslSR93FsDdeL0MAoQvmC/BJfs35lqEAO5t/QD7Y4vCFcPJtijt3A==",
      "license": "Apache-2.0"
    },
    "node_modules/mgrs": {
      "version": "1.0.0",
      "resolved": "https://registry.npmjs.org/mgrs/-/mgrs-1.0.0.tgz",
      "integrity": "sha512-awNbTOqCxK1DBGjalK3xqWIstBZgN6fxsMSiXLs9/spqWkF2pAhb2rrYCFSsr1/tT7PhcDGjZndG8SWYn0byYA==",
      "license": "MIT"
    },
    "node_modules/parsedbf": {
      "version": "2.0.0",
      "resolved": "https://registry.npmjs.org/parsedbf/-/parsedbf-2.0.0.tgz",
      "integrity": "sha512-WNjKn/cwgGBkXqQLif+2VMEahcRHkBRU0/RfBWZ7Vj7snRNNW63yW1mVuuHRDyXTRxuGCzAHHBcr/Fn+U/bXjQ==",
      "license": "MIT"
    },
    "node_modules/proj4": {
      "version": "2.20.4",
      "resolved": "https://registry.npmjs.org/proj4/-/proj4-2.20.4.tgz",
      "integrity": "sha512-/EEBoXjBw+zW1Lofinw0YFQ4OFOqC6XThnwRAgjEHw8WBN+wSy/6aeqRRdjy4b2igy3X0k3RNDuwcYqcQq7nDw==",
      "license": "MIT",
      "dependencies": {
        "mgrs": "1.0.0",
        "wkt-parser": "^1.5.3"
      },
      "funding": {
        "url": "https://github.com/sponsors/ahocevar"
      }
    },
    "node_modules/shpjs": {
      "version": "6.2.0",
      "resolved": "https://registry.npmjs.org/shpjs/-/shpjs-6.2.0.tgz",
      "integrity": "sha512-8cR/RKYHQepmVyBMtzZQ+1bnSbWrtLXS6aoEJmpUlOSHtSUddterebVxYmIWq2g9kOEX9jm2kjHiikyPX7cNQA==",
      "license": "MIT",
      "dependencies": {
        "but-unzip": "^0.1.4",
        "parsedbf": "^2.0.0",
        "proj4": "^2.1.4"
      }
    },
    "node_modules/wkt-parser": {
      "version": "1.5.4",
      "resolved": "https://registry.npmjs.org/wkt-parser/-/wkt-parser-1.5.4.tgz",
      "integrity": "sha512-heRp3QBynj8SAGepAkE8h2k4KhUGRqzgwlSRgqNhxjmSIeSvE5ZrV8n1uy5jk+iJO2jmfffIwjdAaTirBOOx0A==",
      "license": "MIT"
    }
  }
}
